
Microsoft Visual Studio Solution File, Format Version 12.00
# Visual Studio Express 2013 for Windows Desktop
VisualStudioVersion = 12.0.21005.1
MinimumVisualStudioVersion = 10.0.40219.1
Project("{FAE04EC0-301F-11D3-BF4B-00C04F79EFBC}") = "CarRental", "CarRental\CarRental.csproj", "{FB8226F8-5CAC-408A-83B2-BD6E0ECDA321}"
EndProject
Project("{FAE04EC0-301F-11D3-BF4B-00C04F79EFBC}") = "CarRental_BusinessLogicLayer", "CarRental_BusinessLogicLayer\CarRental_BusinessLogicLayer.csproj", "{48509151-8579-49CC-B90E-8D2763C446A4}"
EndProject
Project("{FAE04EC0-301F-11D3-BF4B-00C04F79EFBC}") = "CarRental_DataAccessLayer", "CarRental_DataAccessLayer\CarRental_DataAccessLayer.csproj", "{21B23404-E6C6-4C4B-BAA3-F052A396053F}"
EndProject
Global
	GlobalSection(SolutionConfigurationPlatforms) = preSolution
		Debug|Any CPU = Debug|Any CPU
		Release|Any CPU = Release|Any CPU
	EndGlobalSection
	GlobalSection(ProjectConfigurationPlatforms) = postSolution
		{FB8226F8-5CAC-408A-83B2-BD6E0ECDA321}.Debug|Any CPU.ActiveCfg = Debug|Any CPU
		{FB8226F8-5CAC-408A-83B2-BD6E0ECDA321}.Debug|Any CPU.Build.0 = Debug|Any CPU
		{FB8226F8-5CAC-408A-83B2-BD6E0ECDA321}.Release|Any CPU.ActiveCfg = Release|Any CPU
		{FB8226F8-5CAC-408A-83B2-BD6E0ECDA321}.Release|Any CPU.Build.0 = Release|Any CPU
		{48509151-8579-49CC-B90E-8D2763C446A4}.Debug|Any CPU.ActiveCfg = Debug|Any CPU
		{48509151-8579-49CC-B90E-8D2763C446A4}.Debug|Any CPU.Build.0 = Debug|Any CPU
		{48509151-8579-49CC-B90E-8D2763C446A4}.Release|Any CPU.ActiveCfg = Release|Any CPU
		{48509151-8579-49CC-B90E-8D2763C446A4}.Release|Any CPU.Build.0 = Release|Any CPU
		{21B23404-E6C6-4C4B-BAA3-F052A396053F}.Debug|Any CPU.ActiveCfg = Debug|Any CPU
		{21B23404-E6C6-4C4B-BAA3-F052A396053F}.Debug|Any CPU.Build.0 = Debug|Any CPU
		{21B23404-E6C6-4C4B-BAA3-F052A396053F}.Release|Any CPU.ActiveCfg = Release|Any CPU
		{21B23404-E6C6-4C4B-BAA3-F052A396053F}.Release|Any CPU.Build.0 = Release|Any CPU
	EndGlobalSection
	GlobalSection(SolutionProperties) = preSolution
		HideSolutionNode = FALSE
	EndGlobalSection
EndGlobal
